
Microsoft Visual Studio Solution File, Format Version 12.00
# Visual Studio Version 17
VisualStudioVersion = 17.2.32526.322
MinimumVisualStudioVersion = 10.0.40219.1
Project("{9A19103F-16F7-4668-BE54-9A1E7A4F7556}") = "SerialLib", "SerialLib\SerialLib.csproj", "{27F284DF-00D3-48B2-9336-42BB25205F2C}"
EndProject
Project("{9A19103F-16F7-4668-BE54-9A1E7A4F7556}") = "ModbusLibNew", "ModbusLibNew\ModbusLibNew.csproj", "{5021DEE6-4AEF-452A-AA4A-1C5CFE68DC95}"
EndProject
Project("{9A19103F-16F7-4668-BE54-9A1E7A4F7556}") = "HiEmsProxy", "HiEmsProxy\HiEmsProxy.csproj", "{6FCD6AFF-24D8-4A1C-B989-48F471B402A2}"
EndProject
Project("{FAE04EC0-301F-11D3-BF4B-00C04F79EFBC}") = "Wsk.Core.QuartzNet", "Wsk.Core.QuartzNet\Wsk.Core.QuartzNet.csproj", "{D9420B62-9E75-45D4-8057-349EEC2450B4}"
EndProject
Global
	GlobalSection(SolutionConfigurationPlatforms) = preSolution
		Debug|Any CPU = Debug|Any CPU
		Release|Any CPU = Release|Any CPU
	EndGlobalSection
	GlobalSection(ProjectConfigurationPlatforms) = postSolution
		{27F284DF-00D3-48B2-9336-42BB25205F2C}.Debug|Any CPU.ActiveCfg = Debug|Any CPU
		{27F284DF-00D3-48B2-9336-42BB25205F2C}.Debug|Any CPU.Build.0 = Debug|Any CPU
		{27F284DF-00D3-48B2-9336-42BB25205F2C}.Release|Any CPU.ActiveCfg = Release|Any CPU
		{27F284DF-00D3-48B2-9336-42BB25205F2C}.Release|Any CPU.Build.0 = Release|Any CPU
		{5021DEE6-4AEF-452A-AA4A-1C5CFE68DC95}.Debug|Any CPU.ActiveCfg = Debug|Any CPU
		{5021DEE6-4AEF-452A-AA4A-1C5CFE68DC95}.Debug|Any CPU.Build.0 = Debug|Any CPU
		{5021DEE6-4AEF-452A-AA4A-1C5CFE68DC95}.Release|Any CPU.ActiveCfg = Release|Any CPU
		{5021DEE6-4AEF-452A-AA4A-1C5CFE68DC95}.Release|Any CPU.Build.0 = Release|Any CPU
		{6FCD6AFF-24D8-4A1C-B989-48F471B402A2}.Debug|Any CPU.ActiveCfg = Debug|Any CPU
		{6FCD6AFF-24D8-4A1C-B989-48F471B402A2}.Debug|Any CPU.Build.0 = Debug|Any CPU
		{6FCD6AFF-24D8-4A1C-B989-48F471B402A2}.Release|Any CPU.ActiveCfg = Release|Any CPU
		{6FCD6AFF-24D8-4A1C-B989-48F471B402A2}.Release|Any CPU.Build.0 = Release|Any CPU
		{D9420B62-9E75-45D4-8057-349EEC2450B4}.Debug|Any CPU.ActiveCfg = Debug|Any CPU
		{D9420B62-9E75-45D4-8057-349EEC2450B4}.Debug|Any CPU.Build.0 = Debug|Any CPU
		{D9420B62-9E75-45D4-8057-349EEC2450B4}.Release|Any CPU.ActiveCfg = Release|Any CPU
		{D9420B62-9E75-45D4-8057-349EEC2450B4}.Release|Any CPU.Build.0 = Release|Any CPU
	EndGlobalSection
	GlobalSection(SolutionProperties) = preSolution
		HideSolutionNode = FALSE
	EndGlobalSection
	GlobalSection(ExtensibilityGlobals) = postSolution
		SolutionGuid = {974CE826-7E94-4DF6-8881-580F7B15E343}
	EndGlobalSection
EndGlobal
